Microsoft Visual Studio Solution File, Format Version 11.00
# Visual Studio 2008

Project("{5574BE42-C8E4-75D3-AC33-17DFAA009B49}") = "RubikSim", "Assembly-CSharp.csproj", "{6C3C328A-FB7C-AC7C-65F5-D71A7E8B3265}"
EndProject
Global
	GlobalSection(SolutionConfigurationPlatforms) = preSolution
		Debug|Any CPU = Debug|Any CPU
		Release|Any CPU = Release|Any CPU
	EndGlobalSection
	GlobalSection(ProjectConfigurationPlatforms) = postSolution
		{6C3C328A-FB7C-AC7C-65F5-D71A7E8B3265}.Debug|Any CPU.ActiveCfg = Debug|Any CPU
		{6C3C328A-FB7C-AC7C-65F5-D71A7E8B3265}.Debug|Any CPU.Build.0 = Debug|Any CPU
		{6C3C328A-FB7C-AC7C-65F5-D71A7E8B3265}.Release|Any CPU.ActiveCfg = Release|Any CPU
		{6C3C328A-FB7C-AC7C-65F5-D71A7E8B3265}.Release|Any CPU.Build.0 = Release|Any CPU
	EndGlobalSection
	GlobalSection(SolutionProperties) = preSolution
		HideSolutionNode = FALSE
	EndGlobalSection
	GlobalSection(MonoDevelopProperties) = preSolution
		StartupItem = Assembly-CSharp.csproj
	EndGlobalSection
EndGlobal
